
Microsoft Visual Studio Solution File, Format Version 12.00
# Visual Studio Version 17
VisualStudioVersion = 17.9.34616.47
MinimumVisualStudioVersion = 10.0.40219.1
Project("{FAE04EC0-301F-11D3-BF4B-00C04F79EFBC}") = "EnglishCentralManagement", "EnglishCentralManagement.csproj", "{CAC8F76A-D5DE-4D34-81B7-B2BC4373E65B}"
EndProject
Global
	GlobalSection(SolutionConfigurationPlatforms) = preSolution
		Debug|Any CPU = Debug|Any CPU
		Release|Any CPU = Release|Any CPU
	EndGlobalSection
	GlobalSection(ProjectConfigurationPlatforms) = postSolution
		{CAC8F76A-D5DE-4D34-81B7-B2BC4373E65B}.Debug|Any CPU.ActiveCfg = Debug|Any CPU
		{CAC8F76A-D5DE-4D34-81B7-B2BC4373E65B}.Debug|Any CPU.Build.0 = Debug|Any CPU
		{CAC8F76A-D5DE-4D34-81B7-B2BC4373E65B}.Release|Any CPU.ActiveCfg = Release|Any CPU
		{CAC8F76A-D5DE-4D34-81B7-B2BC4373E65B}.Release|Any CPU.Build.0 = Release|Any CPU
	EndGlobalSection
	GlobalSection(SolutionProperties) = preSolution
		HideSolutionNode = FALSE
	EndGlobalSection
	GlobalSection(ExtensibilityGlobals) = postSolution
		SolutionGuid = {269C6937-36BE-4D2C-AB7E-DB36CFCE6F54}
	EndGlobalSection
EndGlobal
