
Microsoft Visual Studio Solution File, Format Version 12.00
# Visual Studio Version 17
VisualStudioVersion = 17.0.31903.59
MinimumVisualStudioVersion = 10.0.40219.1
Project("{9A19103F-16F7-4668-BE54-9A1E7A4F7556}") = "EnglishCentralManagement", "EnglishCentralManagement\EnglishCentralManagement.csproj", "{AB962D81-5C7A-48B4-98B6-F41B3A741276}"
EndProject
Project("{E53339B2-1760-4266-BCC7-CA923CBCF16C}") = "docker-compose", "docker-compose.dcproj", "{A637A753-F000-4132-B53E-CF8A9FB4810A}"
EndProject
Global
	GlobalSection(SolutionConfigurationPlatforms) = preSolution
		Debug|Any CPU = Debug|Any CPU
		Release|Any CPU = Release|Any CPU
	EndGlobalSection
	GlobalSection(ProjectConfigurationPlatforms) = postSolution
		{AB962D81-5C7A-48B4-98B6-F41B3A741276}.Debug|Any CPU.ActiveCfg = Debug|Any CPU
		{AB962D81-5C7A-48B4-98B6-F41B3A741276}.Debug|Any CPU.Build.0 = Debug|Any CPU
		{AB962D81-5C7A-48B4-98B6-F41B3A741276}.Release|Any CPU.ActiveCfg = Release|Any CPU
		{AB962D81-5C7A-48B4-98B6-F41B3A741276}.Release|Any CPU.Build.0 = Release|Any CPU
		{A637A753-F000-4132-B53E-CF8A9FB4810A}.Debug|Any CPU.ActiveCfg = Debug|Any CPU
		{A637A753-F000-4132-B53E-CF8A9FB4810A}.Debug|Any CPU.Build.0 = Debug|Any CPU
		{A637A753-F000-4132-B53E-CF8A9FB4810A}.Release|Any CPU.ActiveCfg = Release|Any CPU
		{A637A753-F000-4132-B53E-CF8A9FB4810A}.Release|Any CPU.Build.0 = Release|Any CPU
	EndGlobalSection
	GlobalSection(SolutionProperties) = preSolution
		HideSolutionNode = FALSE
	EndGlobalSection
EndGlobal
